
Microsoft Visual Studio Solution File, Format Version 12.00
# Visual Studio Version 16
VisualStudioVersion = 16.0.30523.141
MinimumVisualStudioVersion = 10.0.40219.1
Project("{E24C65DC-7377-472B-9ABA-BC803B73C61A}") = "facebookjssdk", ".", "{9C29FE8E-F9BC-40F8-8A51-2FB7FEF297AC}"
	ProjectSection(WebsiteProperties) = preProject
		TargetFrameworkMoniker = ".NETFramework,Version%3Dv4.0"
		Debug.AspNetCompiler.VirtualPath = "/localhost_57640"
		Debug.AspNetCompiler.PhysicalPath = "..\facebookjssdk\"
		Debug.AspNetCompiler.TargetPath = "PrecompiledWeb\localhost_57640\"
		Debug.AspNetCompiler.Updateable = "true"
		Debug.AspNetCompiler.ForceOverwrite = "true"
		Debug.AspNetCompiler.FixedNames = "false"
		Debug.AspNetCompiler.Debug = "True"
		Release.AspNetCompiler.VirtualPath = "/localhost_57640"
		Release.AspNetCompiler.PhysicalPath = "..\facebookjssdk\"
		Release.AspNetCompiler.TargetPath = "PrecompiledWeb\localhost_57640\"
		Release.AspNetCompiler.Updateable = "true"
		Release.AspNetCompiler.ForceOverwrite = "true"
		Release.AspNetCompiler.FixedNames = "false"
		Release.AspNetCompiler.Debug = "False"
		VWDPort = "57640"
		SlnRelativePath = "..\facebookjssdk\"
		StartServerOnDebug = "true"
	EndProjectSection
EndProject
Global
	GlobalSection(SolutionConfigurationPlatforms) = preSolution
		Debug|Any CPU = Debug|Any CPU
	EndGlobalSection
	GlobalSection(ProjectConfigurationPlatforms) = postSolution
		{9C29FE8E-F9BC-40F8-8A51-2FB7FEF297AC}.Debug|Any CPU.ActiveCfg = Debug|Any CPU
		{9C29FE8E-F9BC-40F8-8A51-2FB7FEF297AC}.Debug|Any CPU.Build.0 = Debug|Any CPU
	EndGlobalSection
	GlobalSection(SolutionProperties) = preSolution
		HideSolutionNode = FALSE
	EndGlobalSection
	GlobalSection(ExtensibilityGlobals) = postSolution
		SolutionGuid = {FF670E23-D204-4935-A23B-48EDDB4AB2EF}
	EndGlobalSection
EndGlobal
